{
  "requires": true,
  "lockfileVersion": 1,
  "dependencies": {
    "@fortawesome/fontawesome-free": {
      "version": "6.1.1",
      "resolved": "https://registry.npmjs.org/@fortawesome/fontawesome-free/-/fontawesome-free-6.1.1.tgz",
      "integrity": "sha512-J/3yg2AIXc9wznaVqpHVX3Wa5jwKovVF0AMYSnbmcXTiL3PpRPfF58pzWucCwEiCJBp+hCNRLWClTomD8SseKg=="
    },
    "@popperjs/core": {
      "version": "2.11.5",
      "resolved": "https://registry.npmjs.org/@popperjs/core/-/core-2.11.5.tgz",
      "integrity": "sha512-9X2obfABZuDVLCgPK9aX0a/x4jaOEweTTWE2+9sr0Qqqevj2Uv5XorvusThmc9XGYpS9yI+fhh8RTafBtGposw=="
    },
    "bootstrap": {
      "version": "5.1.3",
      "resolved": "https://registry.npmjs.org/bootstrap/-/bootstrap-5.1.3.tgz",
      "integrity": "sha512-fcQztozJ8jToQWXxVuEyXWW+dSo8AiXWKwiSSrKWsRB/Qt+Ewwza+JWoLKiTuQLaEPhdNAJ7+Dosc9DOIqNy7Q=="
    },
    "bootstrap-icons": {
      "version": "1.8.1",
      "resolved": "https://registry.npmjs.org/bootstrap-icons/-/bootstrap-icons-1.8.1.tgz",
      "integrity": "sha512-IXUqislddPJfwq6H+2nTkHyr9epO9h6u1AG0OZCx616w+TgzeoCjfmI3qJMQqt1J586gN2IxzB4M99Ip4sTZ1w=="
    },
    "dom7": {
      "version": "4.0.4",
      "resolved": "https://registry.npmjs.org/dom7/-/dom7-4.0.4.tgz",
      "integrity": "sha512-DSSgBzQ4rJWQp1u6o+3FVwMNnT5bzQbMb+o31TjYYeRi05uAcpF8koxdfzeoe5ElzPmua7W7N28YJhF7iEKqIw==",
      "requires": {
        "ssr-window": "^4.0.0"
      }
    },
    "ssr-window": {
      "version": "4.0.2",
      "resolved": "https://registry.npmjs.org/ssr-window/-/ssr-window-4.0.2.tgz",
      "integrity": "sha512-ISv/Ch+ig7SOtw7G2+qkwfVASzazUnvlDTwypdLoPoySv+6MqlOV10VwPSE6EWkGjhW50lUmghPmpYZXMu/+AQ=="
    },
    "swiper": {
      "version": "8.1.4",
      "resolved": "https://registry.npmjs.org/swiper/-/swiper-8.1.4.tgz",
      "integrity": "sha512-ho6ceKxqbDxV51qymVxwn1oB4CqTrsG3Y5pGW2aKlZxsT6NMdlow8ICUa+wD/m5l2T5ZD2B0yyqTihSSmLBV4A==",
      "requires": {
        "dom7": "^4.0.4",
        "ssr-window": "^4.0.2"
      }
    },
    "tippy.js": {
      "version": "6.3.7",
      "resolved": "https://registry.npmjs.org/tippy.js/-/tippy.js-6.3.7.tgz",
      "integrity": "sha512-E1d3oP2emgJ9dRQZdf3Kkn0qJgI6ZLpyS5z6ZkY1DF3kaQaBsGZsndEpHwx+eC+tYM41HaSNvNtLx8tU57FzTQ==",
      "requires": {
        "@popperjs/core": "^2.9.0"
      }
    }
  }
}
